
Microsoft Visual Studio Solution File, Format Version 12.00
# Visual Studio Version 17
VisualStudioVersion = 17.0.31903.59
MinimumVisualStudioVersion = 10.0.40219.1
Project("{FAE04EC0-301F-11D3-BF4B-00C04F79EFBC}") = "Day01", "Day01\Day01.csproj", "{F9BE0CB6-3322-4664-ACD2-66ED1ED18EBD}"
EndProject
Project("{FAE04EC0-301F-11D3-BF4B-00C04F79EFBC}") = "Day02", "Day02\Day02.csproj", "{AD898A12-E51C-4DA2-8B4D-690AE5C7CF5E}"
EndProject
Project("{FAE04EC0-301F-11D3-BF4B-00C04F79EFBC}") = "Day03", "Day03\Day03.csproj", "{691211DA-9E21-445A-9CA5-804C1CF1FD7D}"
EndProject
Project("{FAE04EC0-301F-11D3-BF4B-00C04F79EFBC}") = "Day04", "Day04\Day04.csproj", "{8A5CD473-E747-4AFC-96A5-F8F11F93EEE3}"
EndProject
Project("{FAE04EC0-301F-11D3-BF4B-00C04F79EFBC}") = "Day05", "Day05\Day05.csproj", "{54C68F03-81AC-434F-83E9-9917280C3AA5}"
EndProject
Global
	GlobalSection(SolutionConfigurationPlatforms) = preSolution
		Debug|Any CPU = Debug|Any CPU
		Release|Any CPU = Release|Any CPU
	EndGlobalSection
	GlobalSection(SolutionProperties) = preSolution
		HideSolutionNode = FALSE
	EndGlobalSection
	GlobalSection(ProjectConfigurationPlatforms) = postSolution
		{F9BE0CB6-3322-4664-ACD2-66ED1ED18EBD}.Debug|Any CPU.ActiveCfg = Debug|Any CPU
		{F9BE0CB6-3322-4664-ACD2-66ED1ED18EBD}.Debug|Any CPU.Build.0 = Debug|Any CPU
		{F9BE0CB6-3322-4664-ACD2-66ED1ED18EBD}.Release|Any CPU.ActiveCfg = Release|Any CPU
		{F9BE0CB6-3322-4664-ACD2-66ED1ED18EBD}.Release|Any CPU.Build.0 = Release|Any CPU
		{AD898A12-E51C-4DA2-8B4D-690AE5C7CF5E}.Debug|Any CPU.ActiveCfg = Debug|Any CPU
		{AD898A12-E51C-4DA2-8B4D-690AE5C7CF5E}.Debug|Any CPU.Build.0 = Debug|Any CPU
		{AD898A12-E51C-4DA2-8B4D-690AE5C7CF5E}.Release|Any CPU.ActiveCfg = Release|Any CPU
		{AD898A12-E51C-4DA2-8B4D-690AE5C7CF5E}.Release|Any CPU.Build.0 = Release|Any CPU
		{691211DA-9E21-445A-9CA5-804C1CF1FD7D}.Debug|Any CPU.ActiveCfg = Debug|Any CPU
		{691211DA-9E21-445A-9CA5-804C1CF1FD7D}.Debug|Any CPU.Build.0 = Debug|Any CPU
		{691211DA-9E21-445A-9CA5-804C1CF1FD7D}.Release|Any CPU.ActiveCfg = Release|Any CPU
		{691211DA-9E21-445A-9CA5-804C1CF1FD7D}.Release|Any CPU.Build.0 = Release|Any CPU
		{8A5CD473-E747-4AFC-96A5-F8F11F93EEE3}.Debug|Any CPU.ActiveCfg = Debug|Any CPU
		{8A5CD473-E747-4AFC-96A5-F8F11F93EEE3}.Debug|Any CPU.Build.0 = Debug|Any CPU
		{8A5CD473-E747-4AFC-96A5-F8F11F93EEE3}.Release|Any CPU.ActiveCfg = Release|Any CPU
		{8A5CD473-E747-4AFC-96A5-F8F11F93EEE3}.Release|Any CPU.Build.0 = Release|Any CPU
		{54C68F03-81AC-434F-83E9-9917280C3AA5}.Debug|Any CPU.ActiveCfg = Debug|Any CPU
		{54C68F03-81AC-434F-83E9-9917280C3AA5}.Debug|Any CPU.Build.0 = Debug|Any CPU
		{54C68F03-81AC-434F-83E9-9917280C3AA5}.Release|Any CPU.ActiveCfg = Release|Any CPU
		{54C68F03-81AC-434F-83E9-9917280C3AA5}.Release|Any CPU.Build.0 = Release|Any CPU
	EndGlobalSection
EndGlobal
